
Microsoft Visual Studio Solution File, Format Version 12.00
# Visual Studio Version 16
VisualStudioVersion = 16.0.31025.194
MinimumVisualStudioVersion = 10.0.40219.1
Project("{9A19103F-16F7-4668-BE54-9A1E7A4F7556}") = "PortfolioWeb", "PortfolioWeb\PortfolioWeb.csproj", "{8106B82F-C2E7-4225-87E6-0086549A8FDE}"
EndProject
Project("{FAE04EC0-301F-11D3-BF4B-00C04F79EFBC}") = "ParkPortfolio", "ParkPortfolio\ParkPortfolio.csproj", "{BF765DAD-0C04-4806-9742-EA193ACA254F}"
EndProject
Project("{FAE04EC0-301F-11D3-BF4B-00C04F79EFBC}") = "ParkPF", "ParkPF\ParkPF.csproj", "{1E519A82-FC24-4E30-B2ED-C1BA5EB2B48E}"
EndProject
Global
	GlobalSection(SolutionConfigurationPlatforms) = preSolution
		Debug|Any CPU = Debug|Any CPU
		Release|Any CPU = Release|Any CPU
	EndGlobalSection
	GlobalSection(ProjectConfigurationPlatforms) = postSolution
		{8106B82F-C2E7-4225-87E6-0086549A8FDE}.Debug|Any CPU.ActiveCfg = Debug|Any CPU
		{8106B82F-C2E7-4225-87E6-0086549A8FDE}.Debug|Any CPU.Build.0 = Debug|Any CPU
		{8106B82F-C2E7-4225-87E6-0086549A8FDE}.Release|Any CPU.ActiveCfg = Release|Any CPU
		{8106B82F-C2E7-4225-87E6-0086549A8FDE}.Release|Any CPU.Build.0 = Release|Any CPU
		{BF765DAD-0C04-4806-9742-EA193ACA254F}.Debug|Any CPU.ActiveCfg = Debug|Any CPU
		{BF765DAD-0C04-4806-9742-EA193ACA254F}.Debug|Any CPU.Build.0 = Debug|Any CPU
		{BF765DAD-0C04-4806-9742-EA193ACA254F}.Release|Any CPU.ActiveCfg = Release|Any CPU
		{BF765DAD-0C04-4806-9742-EA193ACA254F}.Release|Any CPU.Build.0 = Release|Any CPU
		{1E519A82-FC24-4E30-B2ED-C1BA5EB2B48E}.Debug|Any CPU.ActiveCfg = Debug|Any CPU
		{1E519A82-FC24-4E30-B2ED-C1BA5EB2B48E}.Debug|Any CPU.Build.0 = Debug|Any CPU
		{1E519A82-FC24-4E30-B2ED-C1BA5EB2B48E}.Release|Any CPU.ActiveCfg = Release|Any CPU
		{1E519A82-FC24-4E30-B2ED-C1BA5EB2B48E}.Release|Any CPU.Build.0 = Release|Any CPU
	EndGlobalSection
	GlobalSection(SolutionProperties) = preSolution
		HideSolutionNode = FALSE
	EndGlobalSection
	GlobalSection(ExtensibilityGlobals) = postSolution
		SolutionGuid = {9F27F3D9-D79F-4247-83FC-D0E44335CA2D}
	EndGlobalSection
EndGlobal
