
Microsoft Visual Studio Solution File, Format Version 12.00
# Visual Studio Version 16
VisualStudioVersion = 16.0.31025.194
MinimumVisualStudioVersion = 10.0.40219.1
Project("{FAE04EC0-301F-11D3-BF4B-00C04F79EFBC}") = "BasicMVCWebApp", "BasicMVCWebApp\BasicMVCWebApp.csproj", "{0613A5F2-1050-4243-9F99-21743749BC4C}"
EndProject
Project("{FAE04EC0-301F-11D3-BF4B-00C04F79EFBC}") = "DbWebApp", "DbWebApp\DbWebApp.csproj", "{786D7B68-3B03-4A88-B8AE-075E9BB4DC11}"
EndProject
Project("{00D1A9C2-B5F0-4AF3-8072-F6C62B433612}") = "MVCWebLab.Database", "MVCWebLab.Database\MVCWebLab.Database.sqlproj", "{F3D0BB10-5F11-4579-8A0D-372B5ACFC6EA}"
EndProject
Project("{FAE04EC0-301F-11D3-BF4B-00C04F79EFBC}") = "TodoListWebApp", "TodoListWebApp\TodoListWebApp.csproj", "{5D70E956-603B-4D55-9D68-C0D62578BE99}"
EndProject
Global
	GlobalSection(SolutionConfigurationPlatforms) = preSolution
		Debug|Any CPU = Debug|Any CPU
		Release|Any CPU = Release|Any CPU
	EndGlobalSection
	GlobalSection(ProjectConfigurationPlatforms) = postSolution
		{0613A5F2-1050-4243-9F99-21743749BC4C}.Debug|Any CPU.ActiveCfg = Debug|Any CPU
		{0613A5F2-1050-4243-9F99-21743749BC4C}.Debug|Any CPU.Build.0 = Debug|Any CPU
		{0613A5F2-1050-4243-9F99-21743749BC4C}.Release|Any CPU.ActiveCfg = Release|Any CPU
		{0613A5F2-1050-4243-9F99-21743749BC4C}.Release|Any CPU.Build.0 = Release|Any CPU
		{786D7B68-3B03-4A88-B8AE-075E9BB4DC11}.Debug|Any CPU.ActiveCfg = Debug|Any CPU
		{786D7B68-3B03-4A88-B8AE-075E9BB4DC11}.Debug|Any CPU.Build.0 = Debug|Any CPU
		{786D7B68-3B03-4A88-B8AE-075E9BB4DC11}.Release|Any CPU.ActiveCfg = Release|Any CPU
		{786D7B68-3B03-4A88-B8AE-075E9BB4DC11}.Release|Any CPU.Build.0 = Release|Any CPU
		{F3D0BB10-5F11-4579-8A0D-372B5ACFC6EA}.Debug|Any CPU.ActiveCfg = Debug|Any CPU
		{F3D0BB10-5F11-4579-8A0D-372B5ACFC6EA}.Debug|Any CPU.Build.0 = Debug|Any CPU
		{F3D0BB10-5F11-4579-8A0D-372B5ACFC6EA}.Debug|Any CPU.Deploy.0 = Debug|Any CPU
		{F3D0BB10-5F11-4579-8A0D-372B5ACFC6EA}.Release|Any CPU.ActiveCfg = Release|Any CPU
		{F3D0BB10-5F11-4579-8A0D-372B5ACFC6EA}.Release|Any CPU.Build.0 = Release|Any CPU
		{F3D0BB10-5F11-4579-8A0D-372B5ACFC6EA}.Release|Any CPU.Deploy.0 = Release|Any CPU
		{5D70E956-603B-4D55-9D68-C0D62578BE99}.Debug|Any CPU.ActiveCfg = Debug|Any CPU
		{5D70E956-603B-4D55-9D68-C0D62578BE99}.Debug|Any CPU.Build.0 = Debug|Any CPU
		{5D70E956-603B-4D55-9D68-C0D62578BE99}.Release|Any CPU.ActiveCfg = Release|Any CPU
		{5D70E956-603B-4D55-9D68-C0D62578BE99}.Release|Any CPU.Build.0 = Release|Any CPU
	EndGlobalSection
	GlobalSection(SolutionProperties) = preSolution
		HideSolutionNode = FALSE
	EndGlobalSection
	GlobalSection(ExtensibilityGlobals) = postSolution
		SolutionGuid = {FB4CF5ED-13FE-4787-AC25-15C0ACD6909E}
	EndGlobalSection
EndGlobal
